
Microsoft Visual Studio Solution File, Format Version 12.00
# Visual Studio Version 16
VisualStudioVersion = 16.0.31729.503
MinimumVisualStudioVersion = 10.0.40219.1
Project("{FAE04EC0-301F-11D3-BF4B-00C04F79EFBC}") = "Affine", "Affine.csproj", "{0A76BC5A-8182-4733-B26A-EEAB6BD6C296}"
EndProject
Global
	GlobalSection(SolutionConfigurationPlatforms) = preSolution
		Debug|Any CPU = Debug|Any CPU
		Release|Any CPU = Release|Any CPU
	EndGlobalSection
	GlobalSection(ProjectConfigurationPlatforms) = postSolution
		{0A76BC5A-8182-4733-B26A-EEAB6BD6C296}.Debug|Any CPU.ActiveCfg = Debug|Any CPU
		{0A76BC5A-8182-4733-B26A-EEAB6BD6C296}.Debug|Any CPU.Build.0 = Debug|Any CPU
		{0A76BC5A-8182-4733-B26A-EEAB6BD6C296}.Release|Any CPU.ActiveCfg = Release|Any CPU
		{0A76BC5A-8182-4733-B26A-EEAB6BD6C296}.Release|Any CPU.Build.0 = Release|Any CPU
	EndGlobalSection
	GlobalSection(SolutionProperties) = preSolution
		HideSolutionNode = FALSE
	EndGlobalSection
	GlobalSection(ExtensibilityGlobals) = postSolution
		SolutionGuid = {BC989448-DEAC-4C1C-9CCD-ACCCF87D64D6}
	EndGlobalSection
EndGlobal
